
Microsoft Visual Studio Solution File, Format Version 12.00
# Visual Studio Version 17
VisualStudioVersion = 17.9.34622.214
MinimumVisualStudioVersion = 10.0.40219.1
Project("{FAE04EC0-301F-11D3-BF4B-00C04F79EFBC}") = "NHibernate-onPostLoad-collection-test", "NHibernate-onPostLoad-collection-test.csproj", "{DC9DDB84-0DD9-4915-8433-AB5758D71157}"
EndProject
Global
	GlobalSection(SolutionConfigurationPlatforms) = preSolution
		Debug|Any CPU = Debug|Any CPU
		Release|Any CPU = Release|Any CPU
	EndGlobalSection
	GlobalSection(ProjectConfigurationPlatforms) = postSolution
		{DC9DDB84-0DD9-4915-8433-AB5758D71157}.Debug|Any CPU.ActiveCfg = Debug|Any CPU
		{DC9DDB84-0DD9-4915-8433-AB5758D71157}.Debug|Any CPU.Build.0 = Debug|Any CPU
		{DC9DDB84-0DD9-4915-8433-AB5758D71157}.Release|Any CPU.ActiveCfg = Release|Any CPU
		{DC9DDB84-0DD9-4915-8433-AB5758D71157}.Release|Any CPU.Build.0 = Release|Any CPU
	EndGlobalSection
	GlobalSection(SolutionProperties) = preSolution
		HideSolutionNode = FALSE
	EndGlobalSection
	GlobalSection(ExtensibilityGlobals) = postSolution
		SolutionGuid = {B78F692D-6841-471D-8F2E-490DAE7B613B}
	EndGlobalSection
EndGlobal
